
Microsoft Visual Studio Solution File, Format Version 12.00
# Visual Studio Version 16
VisualStudioVersion = 16.0.31624.102
MinimumVisualStudioVersion = 10.0.40219.1
Project("{FAE04EC0-301F-11D3-BF4B-00C04F79EFBC}") = "BookStoresWebAPI", "BookStoresWebAPI.csproj", "{673BF3F0-F3B4-44CF-B209-3E106B39469F}"
EndProject
Global
	GlobalSection(SolutionConfigurationPlatforms) = preSolution
		Debug|Any CPU = Debug|Any CPU
		Release|Any CPU = Release|Any CPU
	EndGlobalSection
	GlobalSection(ProjectConfigurationPlatforms) = postSolution
		{673BF3F0-F3B4-44CF-B209-3E106B39469F}.Debug|Any CPU.ActiveCfg = Debug|Any CPU
		{673BF3F0-F3B4-44CF-B209-3E106B39469F}.Debug|Any CPU.Build.0 = Debug|Any CPU
		{673BF3F0-F3B4-44CF-B209-3E106B39469F}.Release|Any CPU.ActiveCfg = Release|Any CPU
		{673BF3F0-F3B4-44CF-B209-3E106B39469F}.Release|Any CPU.Build.0 = Release|Any CPU
	EndGlobalSection
	GlobalSection(SolutionProperties) = preSolution
		HideSolutionNode = FALSE
	EndGlobalSection
	GlobalSection(ExtensibilityGlobals) = postSolution
		SolutionGuid = {F920BB8E-7E9B-4BEF-8F21-2CCB89AF81F4}
	EndGlobalSection
EndGlobal
