
Microsoft Visual Studio Solution File, Format Version 12.00
# Visual Studio Version 16
VisualStudioVersion = 16.0.31624.102
MinimumVisualStudioVersion = 10.0.40219.1
Project("{FAE04EC0-301F-11D3-BF4B-00C04F79EFBC}") = "WebAPPCRUDOperation", "WebAPPCRUDOperation.csproj", "{339D4C18-7A66-460F-8DF1-838FFBBBF027}"
EndProject
Global
	GlobalSection(SolutionConfigurationPlatforms) = preSolution
		Debug|Any CPU = Debug|Any CPU
		Release|Any CPU = Release|Any CPU
	EndGlobalSection
	GlobalSection(ProjectConfigurationPlatforms) = postSolution
		{339D4C18-7A66-460F-8DF1-838FFBBBF027}.Debug|Any CPU.ActiveCfg = Debug|Any CPU
		{339D4C18-7A66-460F-8DF1-838FFBBBF027}.Debug|Any CPU.Build.0 = Debug|Any CPU
		{339D4C18-7A66-460F-8DF1-838FFBBBF027}.Release|Any CPU.ActiveCfg = Release|Any CPU
		{339D4C18-7A66-460F-8DF1-838FFBBBF027}.Release|Any CPU.Build.0 = Release|Any CPU
	EndGlobalSection
	GlobalSection(SolutionProperties) = preSolution
		HideSolutionNode = FALSE
	EndGlobalSection
	GlobalSection(ExtensibilityGlobals) = postSolution
		SolutionGuid = {42F52529-0F92-4CE7-ABC7-DB55E6EF2791}
	EndGlobalSection
EndGlobal
